
Microsoft Visual Studio Solution File, Format Version 12.00
# Visual Studio Version 17
VisualStudioVersion = 17.6.33723.286
MinimumVisualStudioVersion = 10.0.40219.1
Project("{FAE04EC0-301F-11D3-BF4B-00C04F79EFBC}") = "EasiNote_Play", "EasiNote_Play\EasiNote_Play.csproj", "{7545DD17-13B5-4AEA-9A5D-D977FC92DE11}"
EndProject
Global
	GlobalSection(SolutionConfigurationPlatforms) = preSolution
		Debug|Any CPU = Debug|Any CPU
		Release|Any CPU = Release|Any CPU
	EndGlobalSection
	GlobalSection(ProjectConfigurationPlatforms) = postSolution
		{7545DD17-13B5-4AEA-9A5D-D977FC92DE11}.Debug|Any CPU.ActiveCfg = Debug|Any CPU
		{7545DD17-13B5-4AEA-9A5D-D977FC92DE11}.Debug|Any CPU.Build.0 = Debug|Any CPU
		{7545DD17-13B5-4AEA-9A5D-D977FC92DE11}.Release|Any CPU.ActiveCfg = Release|Any CPU
		{7545DD17-13B5-4AEA-9A5D-D977FC92DE11}.Release|Any CPU.Build.0 = Release|Any CPU
	EndGlobalSection
	GlobalSection(SolutionProperties) = preSolution
		HideSolutionNode = FALSE
	EndGlobalSection
	GlobalSection(ExtensibilityGlobals) = postSolution
		SolutionGuid = {7944995E-36F0-4530-BA28-AA3B8D7DF964}
	EndGlobalSection
EndGlobal
